
Microsoft Visual Studio Solution File, Format Version 12.00
# Visual Studio 15
VisualStudioVersion = 15.0.27004.2009
MinimumVisualStudioVersion = 10.0.40219.1
Project("{FAE04EC0-301F-11D3-BF4B-00C04F79EFBC}") = "XPathWebApi", "XPathWebApi\XPathWebApi.csproj", "{723AFA1E-F3CF-4B61-A69F-015411357757}"
EndProject
Project("{FAE04EC0-301F-11D3-BF4B-00C04F79EFBC}") = "dab.Xpath.Query", "dab.Xpath.Query\dab.Xpath.Query.csproj", "{71636357-9832-4900-B026-A41BFA0D6C33}"
EndProject
Global
	GlobalSection(SolutionConfigurationPlatforms) = preSolution
		Debug|Any CPU = Debug|Any CPU
		Release|Any CPU = Release|Any CPU
	EndGlobalSection
	GlobalSection(ProjectConfigurationPlatforms) = postSolution
		{723AFA1E-F3CF-4B61-A69F-015411357757}.Debug|Any CPU.ActiveCfg = Debug|Any CPU
		{723AFA1E-F3CF-4B61-A69F-015411357757}.Debug|Any CPU.Build.0 = Debug|Any CPU
		{723AFA1E-F3CF-4B61-A69F-015411357757}.Release|Any CPU.ActiveCfg = Release|Any CPU
		{723AFA1E-F3CF-4B61-A69F-015411357757}.Release|Any CPU.Build.0 = Release|Any CPU
		{71636357-9832-4900-B026-A41BFA0D6C33}.Debug|Any CPU.ActiveCfg = Debug|Any CPU
		{71636357-9832-4900-B026-A41BFA0D6C33}.Debug|Any CPU.Build.0 = Debug|Any CPU
		{71636357-9832-4900-B026-A41BFA0D6C33}.Release|Any CPU.ActiveCfg = Release|Any CPU
		{71636357-9832-4900-B026-A41BFA0D6C33}.Release|Any CPU.Build.0 = Release|Any CPU
	EndGlobalSection
	GlobalSection(SolutionProperties) = preSolution
		HideSolutionNode = FALSE
	EndGlobalSection
	GlobalSection(ExtensibilityGlobals) = postSolution
		SolutionGuid = {55DCAAC5-EAEA-4697-B68A-6F3BCF015928}
	EndGlobalSection
EndGlobal
